
Microsoft Visual Studio Solution File, Format Version 12.00
# Visual Studio Version 17
VisualStudioVersion = 17.6.33801.468
MinimumVisualStudioVersion = 10.0.40219.1
Project("{FAE04EC0-301F-11D3-BF4B-00C04F79EFBC}") = "Zeal_Education_Management", "Zeal_Education_Management\Zeal_Education_Management.csproj", "{D05BB526-255C-47AA-AE1D-980C2BEA48C3}"
EndProject
Global
	GlobalSection(SolutionConfigurationPlatforms) = preSolution
		Debug|Any CPU = Debug|Any CPU
		Release|Any CPU = Release|Any CPU
	EndGlobalSection
	GlobalSection(ProjectConfigurationPlatforms) = postSolution
		{D05BB526-255C-47AA-AE1D-980C2BEA48C3}.Debug|Any CPU.ActiveCfg = Debug|Any CPU
		{D05BB526-255C-47AA-AE1D-980C2BEA48C3}.Debug|Any CPU.Build.0 = Debug|Any CPU
		{D05BB526-255C-47AA-AE1D-980C2BEA48C3}.Release|Any CPU.ActiveCfg = Release|Any CPU
		{D05BB526-255C-47AA-AE1D-980C2BEA48C3}.Release|Any CPU.Build.0 = Release|Any CPU
	EndGlobalSection
	GlobalSection(SolutionProperties) = preSolution
		HideSolutionNode = FALSE
	EndGlobalSection
	GlobalSection(ExtensibilityGlobals) = postSolution
		SolutionGuid = {DD811FE1-27E8-46D2-9FD6-AE2AF9378D66}
	EndGlobalSection
EndGlobal
